{
	"name": "@cyberspace/styles",
	"version": "0.3.18",
	"lockfileVersion": 1,
	"requires": true,
	"dependencies": {
		"@types/estree": {
			"version": "0.0.39",
			"resolved": "https://registry.npmjs.org/@types/estree/-/estree-0.0.39.tgz",
			"integrity": "sha512-EYNwp3bU+98cpU4lAWYYL7Zz+2gryWH1qbdDTidVd6hkiR6weksdbMadyXKXNPEkQFhXM+hVO9ZygomHXp+AIw==",
			"dev": true
		},
		"@types/node": {
			"version": "12.6.9",
			"resolved": "https://registry.npmjs.org/@types/node/-/node-12.6.9.tgz",
			"integrity": "sha512-+YB9FtyxXGyD54p8rXwWaN1EWEyar5L58GlGWgtH2I9rGmLGBQcw63+0jw+ujqVavNuO47S1ByAjm9zdHMnskw==",
			"dev": true
		},
		"builtin-modules": {
			"version": "2.0.0",
			"resolved": "https://registry.npmjs.org/builtin-modules/-/builtin-modules-2.0.0.tgz",
			"integrity": "sha512-3U5kUA5VPsRUA3nofm/BXX7GVHKfxz0hOBAPxXrIvHzlDRkQVqEn6yi8QJegxl4LzOHLdvb7XF5dVawa/VVYBg==",
			"dev": true
		},
		"estree-walker": {
			"version": "0.6.1",
			"resolved": "https://registry.npmjs.org/estree-walker/-/estree-walker-0.6.1.tgz",
			"integrity": "sha512-SqmZANLWS0mnatqbSfRP5g8OXZC12Fgg1IwNtLsyHDzJizORW4khDfjPqJZsemPWBB2uqykUah5YpQ6epsqC/w==",
			"dev": true
		},
		"is-module": {
			"version": "1.0.0",
			"resolved": "https://registry.npmjs.org/is-module/-/is-module-1.0.0.tgz",
			"integrity": "sha1-Mlj7afeMFNW4FdZkM2tM/7ZEFZE=",
			"dev": true
		},
		"magic-string": {
			"version": "0.25.3",
			"resolved": "https://registry.npmjs.org/magic-string/-/magic-string-0.25.3.tgz",
			"integrity": "sha512-6QK0OpF/phMz0Q2AxILkX2mFhi7m+WMwTRg0LQKq/WBB0cDP4rYH3Wp4/d3OTXlrPLVJT/RFqj8tFeAR4nk8AA==",
			"dev": true,
			"requires": {
				"sourcemap-codec": "^1.4.4"
			}
		},
		"path-parse": {
			"version": "1.0.6",
			"resolved": "https://registry.npmjs.org/path-parse/-/path-parse-1.0.6.tgz",
			"integrity": "sha512-GSmOT2EbHrINBf9SR7CDELwlJ8AENk3Qn7OikK4nFYAu3Ote2+JYNVvkpAEQm3/TLNEJFD/xZJjzyxg3KBWOzw==",
			"dev": true
		},
		"resolve": {
			"version": "1.12.0",
			"resolved": "https://registry.npmjs.org/resolve/-/resolve-1.12.0.tgz",
			"integrity": "sha512-B/dOmuoAik5bKcD6s6nXDCjzUKnaDvdkRyAk6rsmsKLipWj4797iothd7jmmUhWTfinVMU+wc56rYKsit2Qy4w==",
			"dev": true,
			"requires": {
				"path-parse": "^1.0.6"
			}
		},
		"rollup": {
			"version": "0.66.6",
			"resolved": "https://registry.npmjs.org/rollup/-/rollup-0.66.6.tgz",
			"integrity": "sha512-J7/SWanrcb83vfIHqa8+aVVGzy457GcjA6GVZEnD0x2u4OnOd0Q1pCrEoNe8yLwM6z6LZP02zBT2uW0yh5TqOw==",
			"dev": true,
			"requires": {
				"@types/estree": "0.0.39",
				"@types/node": "*"
			}
		},
		"rollup-plugin-commonjs": {
			"version": "9.3.4",
			"resolved": "https://registry.npmjs.org/rollup-plugin-commonjs/-/rollup-plugin-commonjs-9.3.4.tgz",
			"integrity": "sha512-DTZOvRoiVIHHLFBCL4pFxOaJt8pagxsVldEXBOn6wl3/V21wVaj17HFfyzTsQUuou3sZL3lEJZVWKPFblJfI6w==",
			"dev": true,
			"requires": {
				"estree-walker": "^0.6.0",
				"magic-string": "^0.25.2",
				"resolve": "^1.10.0",
				"rollup-pluginutils": "^2.6.0"
			}
		},
		"rollup-plugin-node-resolve": {
			"version": "3.4.0",
			"resolved": "https://registry.npmjs.org/rollup-plugin-node-resolve/-/rollup-plugin-node-resolve-3.4.0.tgz",
			"integrity": "sha512-PJcd85dxfSBWih84ozRtBkB731OjXk0KnzN0oGp7WOWcarAFkVa71cV5hTJg2qpVsV2U8EUwrzHP3tvy9vS3qg==",
			"dev": true,
			"requires": {
				"builtin-modules": "^2.0.0",
				"is-module": "^1.0.0",
				"resolve": "^1.1.6"
			}
		},
		"rollup-pluginutils": {
			"version": "2.8.1",
			"resolved": "https://registry.npmjs.org/rollup-pluginutils/-/rollup-pluginutils-2.8.1.tgz",
			"integrity": "sha512-J5oAoysWar6GuZo0s+3bZ6sVZAC0pfqKz68De7ZgDi5z63jOVZn1uJL/+z1jeKHNbGII8kAyHF5q8LnxSX5lQg==",
			"dev": true,
			"requires": {
				"estree-walker": "^0.6.1"
			}
		},
		"sourcemap-codec": {
			"version": "1.4.6",
			"resolved": "https://registry.npmjs.org/sourcemap-codec/-/sourcemap-codec-1.4.6.tgz",
			"integrity": "sha512-1ZooVLYFxC448piVLBbtOxFcXwnymH9oUF8nRd3CuYDVvkRBxRl6pB4Mtas5a4drtL+E8LDgFkQNcgIw6tc8Hg==",
			"dev": true
		},
		"stylis": {
			"version": "3.5.4",
			"resolved": "https://registry.npmjs.org/stylis/-/stylis-3.5.4.tgz",
			"integrity": "sha512-8/3pSmthWM7lsPBKv7NXkzn2Uc9W7NotcwGNpJaa3k7WMM1XDCA4MgT5k/8BIexd5ydZdboXtU90XH9Ec4Bv/Q==",
			"dev": true
		}
	}
}
